
Microsoft Visual Studio Solution File, Format Version 12.00
# Visual Studio Version 16
VisualStudioVersion = 16.0.30503.244
MinimumVisualStudioVersion = 10.0.40219.1
Project("{FAE04EC0-301F-11D3-BF4B-00C04F79EFBC}") = "SHJD.UserManage", "SHJD.UserManage.csproj", "{05A61BD8-90A7-4FC9-ABBB-195C3721933E}"
EndProject
Global
	GlobalSection(SolutionConfigurationPlatforms) = preSolution
		Debug|Any CPU = Debug|Any CPU
		Release|Any CPU = Release|Any CPU
	EndGlobalSection
	GlobalSection(ProjectConfigurationPlatforms) = postSolution
		{05A61BD8-90A7-4FC9-ABBB-195C3721933E}.Debug|Any CPU.ActiveCfg = Debug|Any CPU
		{05A61BD8-90A7-4FC9-ABBB-195C3721933E}.Debug|Any CPU.Build.0 = Debug|Any CPU
		{05A61BD8-90A7-4FC9-ABBB-195C3721933E}.Release|Any CPU.ActiveCfg = Release|Any CPU
		{05A61BD8-90A7-4FC9-ABBB-195C3721933E}.Release|Any CPU.Build.0 = Release|Any CPU
	EndGlobalSection
	GlobalSection(SolutionProperties) = preSolution
		HideSolutionNode = FALSE
	EndGlobalSection
	GlobalSection(ExtensibilityGlobals) = postSolution
		SolutionGuid = {6E9193FD-3E94-407A-93B6-8063C877202A}
	EndGlobalSection
EndGlobal
